
Microsoft Visual Studio Solution File, Format Version 12.00
# Visual Studio Version 16
VisualStudioVersion = 16.0.30907.101
MinimumVisualStudioVersion = 10.0.40219.1
Project("{9A19103F-16F7-4668-BE54-9A1E7A4F7556}") = "ContainerVervoer", "ContainerVervoer\ContainerVervoer.csproj", "{050755CF-FFDB-4B98-A1BB-B4FB57857B43}"
EndProject
Project("{FAE04EC0-301F-11D3-BF4B-00C04F79EFBC}") = "ContainerVervoer.Tests", "ContainerVervoer.Tests\ContainerVervoer.Tests.csproj", "{09794A2F-674E-4AEF-BE10-2C755EBDB1D4}"
EndProject
Global
	GlobalSection(SolutionConfigurationPlatforms) = preSolution
		Debug|Any CPU = Debug|Any CPU
		Release|Any CPU = Release|Any CPU
	EndGlobalSection
	GlobalSection(ProjectConfigurationPlatforms) = postSolution
		{050755CF-FFDB-4B98-A1BB-B4FB57857B43}.Debug|Any CPU.ActiveCfg = Debug|Any CPU
		{050755CF-FFDB-4B98-A1BB-B4FB57857B43}.Debug|Any CPU.Build.0 = Debug|Any CPU
		{050755CF-FFDB-4B98-A1BB-B4FB57857B43}.Release|Any CPU.ActiveCfg = Release|Any CPU
		{050755CF-FFDB-4B98-A1BB-B4FB57857B43}.Release|Any CPU.Build.0 = Release|Any CPU
		{09794A2F-674E-4AEF-BE10-2C755EBDB1D4}.Debug|Any CPU.ActiveCfg = Debug|Any CPU
		{09794A2F-674E-4AEF-BE10-2C755EBDB1D4}.Debug|Any CPU.Build.0 = Debug|Any CPU
		{09794A2F-674E-4AEF-BE10-2C755EBDB1D4}.Release|Any CPU.ActiveCfg = Release|Any CPU
		{09794A2F-674E-4AEF-BE10-2C755EBDB1D4}.Release|Any CPU.Build.0 = Release|Any CPU
	EndGlobalSection
	GlobalSection(SolutionProperties) = preSolution
		HideSolutionNode = FALSE
	EndGlobalSection
	GlobalSection(ExtensibilityGlobals) = postSolution
		SolutionGuid = {7B6EA707-A9C1-484A-9D6D-5DF9E546B854}
	EndGlobalSection
EndGlobal
