
Microsoft Visual Studio Solution File, Format Version 12.00
# Visual Studio Version 16
VisualStudioVersion = 16.0.30907.101
MinimumVisualStudioVersion = 10.0.40219.1
Project("{FAE04EC0-301F-11D3-BF4B-00C04F79EFBC}") = "DatabaseConntectionTesting", "DatabaseConntectionTesting\DatabaseConntectionTesting.csproj", "{205E82A7-B12E-4EBE-A782-3F47C400D860}"
EndProject
Global
	GlobalSection(SolutionConfigurationPlatforms) = preSolution
		Debug|Any CPU = Debug|Any CPU
		Release|Any CPU = Release|Any CPU
	EndGlobalSection
	GlobalSection(ProjectConfigurationPlatforms) = postSolution
		{205E82A7-B12E-4EBE-A782-3F47C400D860}.Debug|Any CPU.ActiveCfg = Debug|Any CPU
		{205E82A7-B12E-4EBE-A782-3F47C400D860}.Debug|Any CPU.Build.0 = Debug|Any CPU
		{205E82A7-B12E-4EBE-A782-3F47C400D860}.Release|Any CPU.ActiveCfg = Release|Any CPU
		{205E82A7-B12E-4EBE-A782-3F47C400D860}.Release|Any CPU.Build.0 = Release|Any CPU
	EndGlobalSection
	GlobalSection(SolutionProperties) = preSolution
		HideSolutionNode = FALSE
	EndGlobalSection
	GlobalSection(ExtensibilityGlobals) = postSolution
		SolutionGuid = {205BDADD-495E-4532-A514-D09E95BFFFFF}
	EndGlobalSection
EndGlobal
